{
  "version": 4,
  "terraform_version": "1.3.2",
  "serial": 6,
  "lineage": "c6760f82-3861-9fed-7d3b-b19b6f3d0819",
  "outputs": {
    "location": {
      "value": "centralindia",
      "type": "string"
    },
    "my_vnetid": {
      "value": "/subscriptions/2338e6d1-5ce0-4db4-881b-88991c3544ac/resourceGroups/resg1/providers/Microsoft.Network/virtualNetworks/vnet1",
      "type": "string"
    },
    "my_vnetname": {
      "value": "vnet1",
      "type": "string"
    },
    "resourcegroup_name": {
      "value": "resg1",
      "type": "string"
    },
    "subnet1id": {
      "value": "/subscriptions/2338e6d1-5ce0-4db4-881b-88991c3544ac/resourceGroups/resg1/providers/Microsoft.Network/virtualNetworks/vnet1/subnets/web",
      "type": "string"
    }
  },
  "resources": [
    {
      "mode": "managed",
      "type": "azurerm_resource_group",
      "name": "my_group",
      "provider": "provider[\"registry.terraform.io/hashicorp/azurerm\"]",
      "instances": [
        {
          "schema_version": 0,
          "attributes": {
            "id": "/subscriptions/2338e6d1-5ce0-4db4-881b-88991c3544ac/resourceGroups/resg1",
            "location": "centralindia",
            "name": "resg1",
            "tags": {
              "project": "devops"
            },
            "timeouts": null
          },
          "sensitive_attributes": [],
          "private": "eyJlMmJmYjczMC1lY2FhLTExZTYtOGY4OC0zNDM2M2JjN2M0YzAiOnsiY3JlYXRlIjo1NDAwMDAwMDAwMDAwLCJkZWxldGUiOjU0MDAwMDAwMDAwMDAsInJlYWQiOjMwMDAwMDAwMDAwMCwidXBkYXRlIjo1NDAwMDAwMDAwMDAwfX0="
        }
      ]
    },
    {
      "mode": "managed",
      "type": "azurerm_subnet",
      "name": "subnet1",
      "provider": "provider[\"registry.terraform.io/hashicorp/azurerm\"]",
      "instances": [
        {
          "schema_version": 0,
          "attributes": {
            "address_prefixes": [
              "192.168.0.0/24"
            ],
            "delegation": [],
            "enforce_private_link_endpoint_network_policies": false,
            "enforce_private_link_service_network_policies": false,
            "id": "/subscriptions/2338e6d1-5ce0-4db4-881b-88991c3544ac/resourceGroups/resg1/providers/Microsoft.Network/virtualNetworks/vnet1/subnets/web",
            "name": "web",
            "resource_group_name": "resg1",
            "service_endpoint_policy_ids": null,
            "service_endpoints": null,
            "timeouts": null,
            "virtual_network_name": "vnet1"
          },
          "sensitive_attributes": [],
          "private": "eyJlMmJmYjczMC1lY2FhLTExZTYtOGY4OC0zNDM2M2JjN2M0YzAiOnsiY3JlYXRlIjoxODAwMDAwMDAwMDAwLCJkZWxldGUiOjE4MDAwMDAwMDAwMDAsInJlYWQiOjMwMDAwMDAwMDAwMCwidXBkYXRlIjoxODAwMDAwMDAwMDAwfX0=",
          "dependencies": [
            "azurerm_resource_group.my_group",
            "azurerm_virtual_network.my_vnet"
          ]
        }
      ]
    },
    {
      "mode": "managed",
      "type": "azurerm_virtual_network",
      "name": "my_vnet",
      "provider": "provider[\"registry.terraform.io/hashicorp/azurerm\"]",
      "instances": [
        {
          "schema_version": 0,
          "attributes": {
            "address_space": [
              "192.168.0.0/16"
            ],
            "bgp_community": "",
            "ddos_protection_plan": [],
            "dns_servers": [],
            "edge_zone": "",
            "flow_timeout_in_minutes": 0,
            "guid": "063d1abf-887e-4b84-8f3b-d2177e38b72f",
            "id": "/subscriptions/2338e6d1-5ce0-4db4-881b-88991c3544ac/resourceGroups/resg1/providers/Microsoft.Network/virtualNetworks/vnet1",
            "location": "centralindia",
            "name": "vnet1",
            "resource_group_name": "resg1",
            "subnet": [],
            "tags": null,
            "timeouts": null
          },
          "sensitive_attributes": [],
          "private": "eyJlMmJmYjczMC1lY2FhLTExZTYtOGY4OC0zNDM2M2JjN2M0YzAiOnsiY3JlYXRlIjoxODAwMDAwMDAwMDAwLCJkZWxldGUiOjE4MDAwMDAwMDAwMDAsInJlYWQiOjMwMDAwMDAwMDAwMCwidXBkYXRlIjoxODAwMDAwMDAwMDAwfX0=",
          "dependencies": [
            "azurerm_resource_group.my_group"
          ]
        }
      ]
    }
  ],
  "check_results": []
}
